github.com/DennisTheodoreNedry/notify_handler v0.0.0-20220414214026-7cbc65f663ea h1:ENRxm6DdCRYiq2xVM+RHA6IPzXaeaqRa86+3l8jfpUk=
github.com/DennisTheodoreNedry/notify_handler v0.0.0-20220414214026-7cbc65f663ea/go.mod h1:QNjxlxplV4bgRq0hMkD/ssRExdUmsuqql+lRh9afWgA=
github.com/DennisTheodoreNedry/notify_handler v0.0.0-20230706175840-9ab369714294 h1:oxBND9Sx1O9EaLpItcuECm69IlcdT2TP4O6Vh8TAqTU=
github.com/DennisTheodoreNedry/notify_handler v0.0.0-20230706175840-9ab369714294/go.mod h1:ylFsSqBcuOKbMkWRvO7V+qlP2w7Qfaw5BK+eEsx/JhE=
